
Microsoft Visual Studio Solution File, Format Version 12.00
Project("{FAE04EC0-301F-11D3-BF4B-00C04F79EFBC}") = "biryani-abstract-factory", "..\biryani-store\biryani-abstract-factory\biryani-abstract-factory.csproj", "{19E61A5E-EA64-4D04-9D9A-56979FA86243}"
EndProject
Global
	GlobalSection(SolutionConfigurationPlatforms) = preSolution
		Debug|Any CPU = Debug|Any CPU
		Release|Any CPU = Release|Any CPU
	EndGlobalSection
	GlobalSection(ProjectConfigurationPlatforms) = postSolution
		{19E61A5E-EA64-4D04-9D9A-56979FA86243}.Debug|Any CPU.ActiveCfg = Debug|Any CPU
		{19E61A5E-EA64-4D04-9D9A-56979FA86243}.Debug|Any CPU.Build.0 = Debug|Any CPU
		{19E61A5E-EA64-4D04-9D9A-56979FA86243}.Release|Any CPU.ActiveCfg = Release|Any CPU
		{19E61A5E-EA64-4D04-9D9A-56979FA86243}.Release|Any CPU.Build.0 = Release|Any CPU
	EndGlobalSection
EndGlobal
